
Microsoft Visual Studio Solution File, Format Version 12.00
# Visual Studio Version 17
VisualStudioVersion = 17.4.33110.190
MinimumVisualStudioVersion = 10.0.40219.1

Project("{9A19103F-16F7-4668-BE54-9A1E7A4F7556}") = "x03.MauiApp", "x03.MauiApp\x03.MauiApp.csproj", "{7F0435A1-29A5-4797-9EAF-D1F5B1CD2FD7}"
EndProject

Project("{9A19103F-16F7-4668-BE54-9A1E7A4F7556}") = "x05.Core", "x05.Core\x05.Core.csproj", "{0CEA29CD-165F-4107-AC0F-9DDFDD49A416}"
EndProject

Project("{9A19103F-16F7-4668-BE54-9A1E7A4F7556}") = "x05.Core.Tests", "x05.Core.Tests\x05.Core.Tests.csproj", "{DB9C740E-7FD8-4DFE-90C4-EAA57D7605D1}"
EndProject

Project("{9A19103F-16F7-4668-BE54-9A1E7A4F7556}") = "x07.SqLiteStorage", "x07.SqLiteStorage\x07.SqLiteStorage.csproj", "{E1B92384-D3F4-4E1C-8968-B2A35D72B8E1}"
EndProject

Project("{9A19103F-16F7-4668-BE54-9A1E7A4F7556}") = "x07.SqLiteStorage.Tests", "x07.SqLiteStorage.Tests\x07.SqLiteStorage.Tests.csproj", "{7714917D-65DD-48BD-8EB0-00DA9BDCC950}"
EndProject

Project("{9A19103F-16F7-4668-BE54-9A1E7A4F7556}") = "x10.JanZeman.Testing", "x10.JanZeman.Testing\x10.JanZeman.Testing.csproj", "{B2C8460E-AFB2-4A6B-B313-4D7F2D979424}"
EndProject

Project("{9A19103F-16F7-4668-BE54-9A1E7A4F7556}") = "x16.JanZeman", "x16.JanZeman\x16.JanZeman.csproj", "{D2AD0C05-8BD0-4182-A605-D663B0B3D65D}"
EndProject

Global
	GlobalSection(SolutionConfigurationPlatforms) = preSolution
		Debug|Any CPU = Debug|Any CPU
		Release|Any CPU = Release|Any CPU
	EndGlobalSection
	GlobalSection(ProjectConfigurationPlatforms) = postSolution
		{0CEA29CD-165F-4107-AC0F-9DDFDD49A416}.Debug|Any CPU.ActiveCfg = Debug|Any CPU
		{0CEA29CD-165F-4107-AC0F-9DDFDD49A416}.Debug|Any CPU.Build.0 = Debug|Any CPU
		{0CEA29CD-165F-4107-AC0F-9DDFDD49A416}.Release|Any CPU.ActiveCfg = Release|Any CPU
		{0CEA29CD-165F-4107-AC0F-9DDFDD49A416}.Release|Any CPU.Build.0 = Release|Any CPU
		{DB9C740E-7FD8-4DFE-90C4-EAA57D7605D1}.Debug|Any CPU.ActiveCfg = Debug|Any CPU
		{DB9C740E-7FD8-4DFE-90C4-EAA57D7605D1}.Debug|Any CPU.Build.0 = Debug|Any CPU
		{DB9C740E-7FD8-4DFE-90C4-EAA57D7605D1}.Release|Any CPU.ActiveCfg = Release|Any CPU
		{DB9C740E-7FD8-4DFE-90C4-EAA57D7605D1}.Release|Any CPU.Build.0 = Release|Any CPU
		{E1B92384-D3F4-4E1C-8968-B2A35D72B8E1}.Debug|Any CPU.ActiveCfg = Debug|Any CPU
		{E1B92384-D3F4-4E1C-8968-B2A35D72B8E1}.Debug|Any CPU.Build.0 = Debug|Any CPU
		{E1B92384-D3F4-4E1C-8968-B2A35D72B8E1}.Release|Any CPU.ActiveCfg = Release|Any CPU
		{E1B92384-D3F4-4E1C-8968-B2A35D72B8E1}.Release|Any CPU.Build.0 = Release|Any CPU
		{7714917D-65DD-48BD-8EB0-00DA9BDCC950}.Debug|Any CPU.ActiveCfg = Debug|Any CPU
		{7714917D-65DD-48BD-8EB0-00DA9BDCC950}.Debug|Any CPU.Build.0 = Debug|Any CPU
		{7714917D-65DD-48BD-8EB0-00DA9BDCC950}.Release|Any CPU.ActiveCfg = Release|Any CPU
		{7714917D-65DD-48BD-8EB0-00DA9BDCC950}.Release|Any CPU.Build.0 = Release|Any CPU
		{B2C8460E-AFB2-4A6B-B313-4D7F2D979424}.Debug|Any CPU.ActiveCfg = Debug|Any CPU
		{B2C8460E-AFB2-4A6B-B313-4D7F2D979424}.Debug|Any CPU.Build.0 = Debug|Any CPU
		{B2C8460E-AFB2-4A6B-B313-4D7F2D979424}.Release|Any CPU.ActiveCfg = Release|Any CPU
		{B2C8460E-AFB2-4A6B-B313-4D7F2D979424}.Release|Any CPU.Build.0 = Release|Any CPU
		{D2AD0C05-8BD0-4182-A605-D663B0B3D65D}.Debug|Any CPU.ActiveCfg = Debug|Any CPU
		{D2AD0C05-8BD0-4182-A605-D663B0B3D65D}.Debug|Any CPU.Build.0 = Debug|Any CPU
		{D2AD0C05-8BD0-4182-A605-D663B0B3D65D}.Release|Any CPU.ActiveCfg = Release|Any CPU
		{D2AD0C05-8BD0-4182-A605-D663B0B3D65D}.Release|Any CPU.Build.0 = Release|Any CPU
		{7F0435A1-29A5-4797-9EAF-D1F5B1CD2FD7}.Debug|Any CPU.ActiveCfg = Debug|Any CPU
		{7F0435A1-29A5-4797-9EAF-D1F5B1CD2FD7}.Debug|Any CPU.Build.0 = Debug|Any CPU
		{7F0435A1-29A5-4797-9EAF-D1F5B1CD2FD7}.Debug|Any CPU.Deploy.0 = Debug|Any CPU
		{7F0435A1-29A5-4797-9EAF-D1F5B1CD2FD7}.Release|Any CPU.ActiveCfg = Release|Any CPU
		{7F0435A1-29A5-4797-9EAF-D1F5B1CD2FD7}.Release|Any CPU.Build.0 = Release|Any CPU
		{7F0435A1-29A5-4797-9EAF-D1F5B1CD2FD7}.Release|Any CPU.Deploy.0 = Release|Any CPU
	EndGlobalSection
	GlobalSection(SolutionProperties) = preSolution
		HideSolutionNode = FALSE
	EndGlobalSection
	GlobalSection(ExtensibilityGlobals) = postSolution
		SolutionGuid = {73FF1F46-6074-4619-9916-F00D22B6F14C}
	EndGlobalSection
EndGlobal
